
Microsoft Visual Studio Solution File, Format Version 12.00
# Visual Studio 14
VisualStudioVersion = 14.0.25420.1
MinimumVisualStudioVersion = 10.0.40219.1
Project("{FAE04EC0-301F-11D3-BF4B-00C04F79EFBC}") = "GettingStartedLib", "GettingStartedLib\GettingStartedLib.csproj", "{DC4D94B0-96AB-40E5-9C9A-4FCDA71CBBB1}"
EndProject
Project("{FAE04EC0-301F-11D3-BF4B-00C04F79EFBC}") = "GettingStartedHost", "GettingStartedHost\GettingStartedHost.csproj", "{190D7A07-286D-478A-A14C-03EE39E48EA2}"
EndProject
Project("{FAE04EC0-301F-11D3-BF4B-00C04F79EFBC}") = "GettingStartedClient", "GettingStartedClient\GettingStartedClient.csproj", "{758D9D26-EE95-4052-A66C-AB570F4E5A7F}"
EndProject
Global
	GlobalSection(SolutionConfigurationPlatforms) = preSolution
		Debug|Any CPU = Debug|Any CPU
		Release|Any CPU = Release|Any CPU
	EndGlobalSection
	GlobalSection(ProjectConfigurationPlatforms) = postSolution
		{DC4D94B0-96AB-40E5-9C9A-4FCDA71CBBB1}.Debug|Any CPU.ActiveCfg = Debug|Any CPU
		{DC4D94B0-96AB-40E5-9C9A-4FCDA71CBBB1}.Debug|Any CPU.Build.0 = Debug|Any CPU
		{DC4D94B0-96AB-40E5-9C9A-4FCDA71CBBB1}.Release|Any CPU.ActiveCfg = Release|Any CPU
		{DC4D94B0-96AB-40E5-9C9A-4FCDA71CBBB1}.Release|Any CPU.Build.0 = Release|Any CPU
		{190D7A07-286D-478A-A14C-03EE39E48EA2}.Debug|Any CPU.ActiveCfg = Debug|Any CPU
		{190D7A07-286D-478A-A14C-03EE39E48EA2}.Debug|Any CPU.Build.0 = Debug|Any CPU
		{190D7A07-286D-478A-A14C-03EE39E48EA2}.Release|Any CPU.ActiveCfg = Release|Any CPU
		{190D7A07-286D-478A-A14C-03EE39E48EA2}.Release|Any CPU.Build.0 = Release|Any CPU
		{758D9D26-EE95-4052-A66C-AB570F4E5A7F}.Debug|Any CPU.ActiveCfg = Debug|Any CPU
		{758D9D26-EE95-4052-A66C-AB570F4E5A7F}.Debug|Any CPU.Build.0 = Debug|Any CPU
		{758D9D26-EE95-4052-A66C-AB570F4E5A7F}.Release|Any CPU.ActiveCfg = Release|Any CPU
		{758D9D26-EE95-4052-A66C-AB570F4E5A7F}.Release|Any CPU.Build.0 = Release|Any CPU
	EndGlobalSection
	GlobalSection(SolutionProperties) = preSolution
		HideSolutionNode = FALSE
	EndGlobalSection
EndGlobal
